
Microsoft Visual Studio Solution File, Format Version 12.00
# Visual Studio Version 16
VisualStudioVersion = 16.0.29509.3
MinimumVisualStudioVersion = 10.0.40219.1
Project("{FAE04EC0-301F-11D3-BF4B-00C04F79EFBC}") = "Game3", "Game3\Game3.csproj", "{7F530EEC-1FCE-41CD-9E87-D890B730B807}"
EndProject
Project("{FAE04EC0-301F-11D3-BF4B-00C04F79EFBC}") = "WindowsFormsApp1", "WindowsFormsApp1\WindowsFormsApp1.csproj", "{DAF11713-2D49-4BC7-9ACF-AF22849BCF05}"
EndProject
Global
	GlobalSection(SolutionConfigurationPlatforms) = preSolution
		Debug|Any CPU = Debug|Any CPU
		Release|Any CPU = Release|Any CPU
	EndGlobalSection
	GlobalSection(ProjectConfigurationPlatforms) = postSolution
		{7F530EEC-1FCE-41CD-9E87-D890B730B807}.Debug|Any CPU.ActiveCfg = Debug|Any CPU
		{7F530EEC-1FCE-41CD-9E87-D890B730B807}.Debug|Any CPU.Build.0 = Debug|Any CPU
		{7F530EEC-1FCE-41CD-9E87-D890B730B807}.Release|Any CPU.ActiveCfg = Release|Any CPU
		{7F530EEC-1FCE-41CD-9E87-D890B730B807}.Release|Any CPU.Build.0 = Release|Any CPU
		{DAF11713-2D49-4BC7-9ACF-AF22849BCF05}.Debug|Any CPU.ActiveCfg = Debug|Any CPU
		{DAF11713-2D49-4BC7-9ACF-AF22849BCF05}.Debug|Any CPU.Build.0 = Debug|Any CPU
		{DAF11713-2D49-4BC7-9ACF-AF22849BCF05}.Release|Any CPU.ActiveCfg = Release|Any CPU
		{DAF11713-2D49-4BC7-9ACF-AF22849BCF05}.Release|Any CPU.Build.0 = Release|Any CPU
	EndGlobalSection
	GlobalSection(SolutionProperties) = preSolution
		HideSolutionNode = FALSE
	EndGlobalSection
	GlobalSection(ExtensibilityGlobals) = postSolution
		SolutionGuid = {29EBB8C0-359B-4EA5-B1E1-DBC6F0046E79}
	EndGlobalSection
EndGlobal
