
Microsoft Visual Studio Solution File, Format Version 11.00
# Visual Studio 2010
Project("{FAE04EC0-301F-11D3-BF4B-00C04F79EFBC}") = "Randomchaos2DGodRays", "Randomchaos2DGodRays\Randomchaos2DGodRays\Randomchaos2DGodRays.csproj", "{C0461EEF-7551-4DCB-9A54-946D80885006}"
EndProject
Project("{96E2B04D-8817-42C6-938A-82C39BA4D311}") = "Randomchaos2DGodRaysContent", "Randomchaos2DGodRays\Randomchaos2DGodRaysContent\Randomchaos2DGodRaysContent.contentproj", "{A3AFBA08-56E2-4164-B3B7-C4C80A4A3689}"
EndProject
Global
	GlobalSection(SolutionConfigurationPlatforms) = preSolution
		Debug|x86 = Debug|x86
		Release|x86 = Release|x86
	EndGlobalSection
	GlobalSection(ProjectConfigurationPlatforms) = postSolution
		{C0461EEF-7551-4DCB-9A54-946D80885006}.Debug|x86.ActiveCfg = Debug|x86
		{C0461EEF-7551-4DCB-9A54-946D80885006}.Debug|x86.Build.0 = Debug|x86
		{C0461EEF-7551-4DCB-9A54-946D80885006}.Release|x86.ActiveCfg = Release|x86
		{C0461EEF-7551-4DCB-9A54-946D80885006}.Release|x86.Build.0 = Release|x86
		{A3AFBA08-56E2-4164-B3B7-C4C80A4A3689}.Debug|x86.ActiveCfg = Debug|x86
		{A3AFBA08-56E2-4164-B3B7-C4C80A4A3689}.Release|x86.ActiveCfg = Release|x86
	EndGlobalSection
	GlobalSection(SolutionProperties) = preSolution
		HideSolutionNode = FALSE
	EndGlobalSection
EndGlobal
